{
	"name": "dlgsc-automation",
	"version": "1.0.0",
	"lockfileVersion": 3,
	"requires": true,
	"packages": {
		"": {
			"name": "dlgsc-automation",
			"version": "1.0.0",
			"license": "ISC",
			"dependencies": {
				"dlgsc-automation": "file:"
			},
			"devDependencies": {
				"@playwright/test": "^1.52.0",
				"@types/node": "^22.15.14"
			}
		},
		"node_modules/@playwright/test": {
			"version": "1.52.0",
			"dev": true,
			"license": "Apache-2.0",
			"dependencies": {
				"playwright": "1.52.0"
			},
			"bin": {
				"playwright": "cli.js"
			},
			"engines": {
				"node": ">=18"
			}
		},
		"node_modules/@types/node": {
			"version": "22.15.14",
			"dev": true,
			"license": "MIT",
			"dependencies": {
				"undici-types": "~6.21.0"
			}
		},
		"node_modules/dlgsc-automation": {
			"resolved": "",
			"link": true
		},
		"node_modules/playwright": {
			"version": "1.52.0",
			"dev": true,
			"license": "Apache-2.0",
			"dependencies": {
				"playwright-core": "1.52.0"
			},
			"bin": {
				"playwright": "cli.js"
			},
			"engines": {
				"node": ">=18"
			},
			"optionalDependencies": {
				"fsevents": "2.3.2"
			}
		},
		"node_modules/playwright-core": {
			"version": "1.52.0",
			"dev": true,
			"license": "Apache-2.0",
			"bin": {
				"playwright-core": "cli.js"
			},
			"engines": {
				"node": ">=18"
			}
		},
		"node_modules/undici-types": {
			"version": "6.21.0",
			"dev": true,
			"license": "MIT"
		}
	}
}
